// !$*UTF8*$!
{
	archiveVersion = 1;
	classes = {
	};
	objectVersion = 56;
	objects = {

/* Begin PBXBuildFile section */
		3F2465D528FB2C67006DA86A /* FSBatchViewController.swift in Sources */ = {isa = PBXBuildFile; fileRef = 3F2465D328FB2C67006DA86A /* FSBatchViewController.swift */; };
		3F2465D628FB2C67006DA86A /* FSBatchViewController.xib in Resources */ = {isa = PBXBuildFile; fileRef = 3F2465D428FB2C67006DA86A /* FSBatchViewController.xib */; };
		3F2465D928FBA329006DA86A /* FSPreviewWindowController.swift in Sources */ = {isa = PBXBuildFile; fileRef = 3F2465D728FBA329006DA86A /* FSPreviewWindowController.swift */; };
		3F2465DA28FBA329006DA86A /* FSPreviewWindowController.xib in Resources */ = {isa = PBXBuildFile; fileRef = 3F2465D828FBA329006DA86A /* FSPreviewWindowController.xib */; };
		3F2AA4D128F89F47008DB84B /* LICENSE.rtf in Resources */ = {isa = PBXBuildFile; fileRef = 3F2AA4D028F89F47008DB84B /* LICENSE.rtf */; };
		3F35482428F9FD8D00F284D1 /* Batch.swift in Sources */ = {isa = PBXBuildFile; fileRef = 3F35482328F9FD8D00F284D1 /* Batch.swift */; };
		3F3F726A28F88A06006BC03A /* Start FreeScaler.swift in Sources */ = {isa = PBXBuildFile; fileRef = 3F3F726928F88A06006BC03A /* Start FreeScaler.swift */; };
		3F81151B28FB0EA300C03DF9 /* ServiceProvider.swift in Sources */ = {isa = PBXBuildFile; fileRef = 3F81151A28FB0EA300C03DF9 /* ServiceProvider.swift */; };
		3FA7E28728F58D7C00DAE403 /* Freescaler.png in Resources */ = {isa = PBXBuildFile; fileRef = 3FA7E28628F58D7C00DAE403 /* Freescaler.png */; };
		3FA9883E28F71577006A968A /* animeup.png in Resources */ = {isa = PBXBuildFile; fileRef = 3FA9883C28F71577006A968A /* animeup.png */; };
		3FA9883F28F71577006A968A /* animelow.png in Resources */ = {isa = PBXBuildFile; fileRef = 3FA9883D28F71577006A968A /* animelow.png */; };
		3FA9884128F71A1B006A968A /* shot1.png in Resources */ = {isa = PBXBuildFile; fileRef = 3FA9884028F71A1B006A968A /* shot1.png */; };
		3FA9884328F73419006A968A /* Preferences.swift in Sources */ = {isa = PBXBuildFile; fileRef = 3FA9884228F73419006A968A /* Preferences.swift */; };
		3FA9884D28F76723006A968A /* models-DF2K_JPEG in Resources */ = {isa = PBXBuildFile; fileRef = 3FA9884828F76723006A968A /* models-DF2K_JPEG */; };
		3FA9884E28F76723006A968A /* README.md in Resources */ = {isa = PBXBuildFile; fileRef = 3FA9884928F76723006A968A /* README.md */; };
		3FA9884F28F76723006A968A /* LICENSE in Resources */ = {isa = PBXBuildFile; fileRef = 3FA9884A28F76723006A968A /* LICENSE */; };
		3FA9885028F76723006A968A /* fs-realsr-ncnn-vulkan in Resources */ = {isa = PBXBuildFile; fileRef = 3FA9884B28F76723006A968A /* fs-realsr-ncnn-vulkan */; };
		3FC37D5528F4AFFE001CF0B7 /* AppDelegate.swift in Sources */ = {isa = PBXBuildFile; fileRef = 3FC37D5428F4AFFE001CF0B7 /* AppDelegate.swift */; };
		3FC37D5728F4AFFF001CF0B7 /* Assets.xcassets in Resources */ = {isa = PBXBuildFile; fileRef = 3FC37D5628F4AFFF001CF0B7 /* Assets.xcassets */; };
		3FC37D5A28F4AFFF001CF0B7 /* MainMenu.xib in Resources */ = {isa = PBXBuildFile; fileRef = 3FC37D5828F4AFFF001CF0B7 /* MainMenu.xib */; };
		3FC37D6328F4B04A001CF0B7 /* fs-realesrgan-ncnn-vulkan in Resources */ = {isa = PBXBuildFile; fileRef = 3FC37D6228F4B04A001CF0B7 /* fs-realesrgan-ncnn-vulkan */; };
		3FC37D6528F4B057001CF0B7 /* README_macos.md in Resources */ = {isa = PBXBuildFile; fileRef = 3FC37D6428F4B057001CF0B7 /* README_macos.md */; };
		3FC37D6728F4B060001CF0B7 /* models in Resources */ = {isa = PBXBuildFile; fileRef = 3FC37D6628F4B060001CF0B7 /* models */; };
		3FC37D6928F4B073001CF0B7 /* Upscaler.swift in Sources */ = {isa = PBXBuildFile; fileRef = 3FC37D6828F4B073001CF0B7 /* Upscaler.swift */; };
		3FC37D6B28F4B802001CF0B7 /* Dropview.swift in Sources */ = {isa = PBXBuildFile; fileRef = 3FC37D6A28F4B802001CF0B7 /* Dropview.swift */; };
		3FC37D6D28F4C68D001CF0B7 /* Operations.swift in Sources */ = {isa = PBXBuildFile; fileRef = 3FC37D6C28F4C68D001CF0B7 /* Operations.swift */; };
/* End PBXBuildFile section */

/* Begin PBXFileReference section */
		3F2465D328FB2C67006DA86A /* FSBatchViewController.swift */ = {isa = PBXFileReference; lastKnownFileType = sourcecode.swift; path = FSBatchViewController.swift; sourceTree = "<group>"; };
		3F2465D428FB2C67006DA86A /* FSBatchViewController.xib */ = {isa = PBXFileReference; lastKnownFileType = file.xib; path = FSBatchViewController.xib; sourceTree = "<group>"; };
		3F2465D728FBA329006DA86A /* FSPreviewWindowController.swift */ = {isa = PBXFileReference; lastKnownFileType = sourcecode.swift; path = FSPreviewWindowController.swift; sourceTree = "<group>"; };
		3F2465D828FBA329006DA86A /* FSPreviewWindowController.xib */ = {isa = PBXFileReference; lastKnownFileType = file.xib; path = FSPreviewWindowController.xib; sourceTree = "<group>"; };
		3F2AA4D028F89F47008DB84B /* LICENSE.rtf */ = {isa = PBXFileReference; fileEncoding = 4; lastKnownFileType = text.rtf; path = LICENSE.rtf; sourceTree = "<group>"; };
		3F35482328F9FD8D00F284D1 /* Batch.swift */ = {isa = PBXFileReference; lastKnownFileType = sourcecode.swift; path = Batch.swift; sourceTree = "<group>"; };
		3F3F726928F88A06006BC03A /* Start FreeScaler.swift */ = {isa = PBXFileReference; lastKnownFileType = sourcecode.swift; path = "Start FreeScaler.swift"; sourceTree = "<group>"; };
		3F47645F28F5A1F100112A79 /* Info.plist */ = {isa = PBXFileReference; lastKnownFileType = text.plist; path = Info.plist; sourceTree = "<group>"; };
		3F81151A28FB0EA300C03DF9 /* ServiceProvider.swift */ = {isa = PBXFileReference; lastKnownFileType = sourcecode.swift; path = ServiceProvider.swift; sourceTree = "<group>"; };
		3FA7E28628F58D7C00DAE403 /* Freescaler.png */ = {isa = PBXFileReference; lastKnownFileType = image.png; path = Freescaler.png; sourceTree = "<group>"; };
		3FA9883C28F71577006A968A /* animeup.png */ = {isa = PBXFileReference; lastKnownFileType = image.png; path = animeup.png; sourceTree = "<group>"; };
		3FA9883D28F71577006A968A /* animelow.png */ = {isa = PBXFileReference; lastKnownFileType = image.png; path = animelow.png; sourceTree = "<group>"; };
		3FA9884028F71A1B006A968A /* shot1.png */ = {isa = PBXFileReference; lastKnownFileType = image.png; path = shot1.png; sourceTree = "<group>"; };
		3FA9884228F73419006A968A /* Preferences.swift */ = {isa = PBXFileReference; lastKnownFileType = sourcecode.swift; path = Preferences.swift; sourceTree = "<group>"; };
		3FA9884828F76723006A968A /* models-DF2K_JPEG */ = {isa = PBXFileReference; lastKnownFileType = folder; path = "models-DF2K_JPEG"; sourceTree = "<group>"; };
		3FA9884928F76723006A968A /* README.md */ = {isa = PBXFileReference; fileEncoding = 4; lastKnownFileType = net.daringfireball.markdown; path = README.md; sourceTree = "<group>"; };
		3FA9884A28F76723006A968A /* LICENSE */ = {isa = PBXFileReference; fileEncoding = 4; lastKnownFileType = text; path = LICENSE; sourceTree = "<group>"; };
		3FA9884B28F76723006A968A /* fs-realsr-ncnn-vulkan */ = {isa = PBXFileReference; lastKnownFileType = "compiled.mach-o.executable"; path = "fs-realsr-ncnn-vulkan"; sourceTree = "<group>"; };
		3FC37D5128F4AFFE001CF0B7 /* FreeScaler.app */ = {isa = PBXFileReference; explicitFileType = wrapper.application; includeInIndex = 0; path = FreeScaler.app; sourceTree = BUILT_PRODUCTS_DIR; };
		3FC37D5428F4AFFE001CF0B7 /* AppDelegate.swift */ = {isa = PBXFileReference; lastKnownFileType = sourcecode.swift; path = AppDelegate.swift; sourceTree = "<group>"; };
		3FC37D5628F4AFFF001CF0B7 /* Assets.xcassets */ = {isa = PBXFileReference; lastKnownFileType = folder.assetcatalog; path = Assets.xcassets; sourceTree = "<group>"; };
		3FC37D5928F4AFFF001CF0B7 /* Base */ = {isa = PBXFileReference; lastKnownFileType = file.xib; name = Base; path = Base.lproj/MainMenu.xib; sourceTree = "<group>"; };
		3FC37D5B28F4AFFF001CF0B7 /* FreeScaler.entitlements */ = {isa = PBXFileReference; lastKnownFileType = text.plist.entitlements; path = FreeScaler.entitlements; sourceTree = "<group>"; };
		3FC37D6228F4B04A001CF0B7 /* fs-realesrgan-ncnn-vulkan */ = {isa = PBXFileReference; lastKnownFileType = "compiled.mach-o.executable"; path = "fs-realesrgan-ncnn-vulkan"; sourceTree = "<group>"; };
		3FC37D6428F4B057001CF0B7 /* README_macos.md */ = {isa = PBXFileReference; fileEncoding = 4; lastKnownFileType = net.daringfireball.markdown; path = README_macos.md; sourceTree = "<group>"; };
		3FC37D6628F4B060001CF0B7 /* models */ = {isa = PBXFileReference; lastKnownFileType = folder; path = models; sourceTree = "<group>"; };
		3FC37D6828F4B073001CF0B7 /* Upscaler.swift */ = {isa = PBXFileReference; lastKnownFileType = sourcecode.swift; path = Upscaler.swift; sourceTree = "<group>"; };
		3FC37D6A28F4B802001CF0B7 /* Dropview.swift */ = {isa = PBXFileReference; lastKnownFileType = sourcecode.swift; path = Dropview.swift; sourceTree = "<group>"; };
		3FC37D6C28F4C68D001CF0B7 /* Operations.swift */ = {isa = PBXFileReference; lastKnownFileType = sourcecode.swift; path = Operations.swift; sourceTree = "<group>"; };
/* End PBXFileReference section */

/* Begin PBXFrameworksBuildPhase section */
		3FC37D4E28F4AFFE001CF0B7 /* Frameworks */ = {
			isa = PBXFrameworksBuildPhase;
			buildActionMask = 2147483647;
			files = (
			);
			runOnlyForDeploymentPostprocessing = 0;
		};
/* End PBXFrameworksBuildPhase section */

/* Begin PBXGroup section */
		3F2465D228FB2C47006DA86A /* batch */ = {
			isa = PBXGroup;
			children = (
				3F2465D328FB2C67006DA86A /* FSBatchViewController.swift */,
				3F2465D428FB2C67006DA86A /* FSBatchViewController.xib */,
				3F2465D728FBA329006DA86A /* FSPreviewWindowController.swift */,
				3F2465D828FBA329006DA86A /* FSPreviewWindowController.xib */,
			);
			path = batch;
			sourceTree = "<group>";
		};
		3FA7E28528F58D7200DAE403 /* img */ = {
			isa = PBXGroup;
			children = (
				3FA9884028F71A1B006A968A /* shot1.png */,
				3FA9883D28F71577006A968A /* animelow.png */,
				3FA9883C28F71577006A968A /* animeup.png */,
				3FA7E28628F58D7C00DAE403 /* Freescaler.png */,
			);
			path = img;
			sourceTree = "<group>";
		};
		3FA9884628F76701006A968A /* realsr */ = {
			isa = PBXGroup;
			children = (
				3FA9884A28F76723006A968A /* LICENSE */,
				3FA9884828F76723006A968A /* models-DF2K_JPEG */,
				3FA9884928F76723006A968A /* README.md */,
				3FA9884B28F76723006A968A /* fs-realsr-ncnn-vulkan */,
			);
			path = realsr;
			sourceTree = "<group>";
		};
		3FC37D4828F4AFFE001CF0B7 = {
			isa = PBXGroup;
			children = (
				3FC37D5328F4AFFE001CF0B7 /* FreeScaler */,
				3FC37D5228F4AFFE001CF0B7 /* Products */,
			);
			sourceTree = "<group>";
		};
		3FC37D5228F4AFFE001CF0B7 /* Products */ = {
			isa = PBXGroup;
			children = (
				3FC37D5128F4AFFE001CF0B7 /* FreeScaler.app */,
			);
			name = Products;
			sourceTree = "<group>";
		};
		3FC37D5328F4AFFE001CF0B7 /* FreeScaler */ = {
			isa = PBXGroup;
			children = (
				3F2AA4D028F89F47008DB84B /* LICENSE.rtf */,
				3F47645F28F5A1F100112A79 /* Info.plist */,
				3FA7E28528F58D7200DAE403 /* img */,
				3FC37D6128F4B03B001CF0B7 /* realesrgan */,
				3FA9884628F76701006A968A /* realsr */,
				3F2465D228FB2C47006DA86A /* batch */,
				3FC37D5428F4AFFE001CF0B7 /* AppDelegate.swift */,
				3F3F726928F88A06006BC03A /* Start FreeScaler.swift */,
				3FC37D6C28F4C68D001CF0B7 /* Operations.swift */,
				3FC37D6828F4B073001CF0B7 /* Upscaler.swift */,
				3FC37D6A28F4B802001CF0B7 /* Dropview.swift */,
				3FA9884228F73419006A968A /* Preferences.swift */,
				3F35482328F9FD8D00F284D1 /* Batch.swift */,
				3FC37D5628F4AFFF001CF0B7 /* Assets.xcassets */,
				3FC37D5828F4AFFF001CF0B7 /* MainMenu.xib */,
				3FC37D5B28F4AFFF001CF0B7 /* FreeScaler.entitlements */,
				3F81151A28FB0EA300C03DF9 /* ServiceProvider.swift */,
			);
			path = FreeScaler;
			sourceTree = "<group>";
		};
		3FC37D6128F4B03B001CF0B7 /* realesrgan */ = {
			isa = PBXGroup;
			children = (
				3FC37D6428F4B057001CF0B7 /* README_macos.md */,
				3FC37D6628F4B060001CF0B7 /* models */,
				3FC37D6228F4B04A001CF0B7 /* fs-realesrgan-ncnn-vulkan */,
			);
			path = realesrgan;
			sourceTree = "<group>";
		};
/* End PBXGroup section */

/* Begin PBXNativeTarget section */
		3FC37D5028F4AFFE001CF0B7 /* FreeScaler */ = {
			isa = PBXNativeTarget;
			buildConfigurationList = 3FC37D5E28F4AFFF001CF0B7 /* Build configuration list for PBXNativeTarget "FreeScaler" */;
			buildPhases = (
				3FC37D4D28F4AFFE001CF0B7 /* Sources */,
				3FC37D4E28F4AFFE001CF0B7 /* Frameworks */,
				3FC37D4F28F4AFFE001CF0B7 /* Resources */,
			);
			buildRules = (
			);
			dependencies = (
			);
			name = FreeScaler;
			productName = FreeScaler;
			productReference = 3FC37D5128F4AFFE001CF0B7 /* FreeScaler.app */;
			productType = "com.apple.product-type.application";
		};
/* End PBXNativeTarget section */

/* Begin PBXProject section */
		3FC37D4928F4AFFE001CF0B7 /* Project object */ = {
			isa = PBXProject;
			attributes = {
				BuildIndependentTargetsInParallel = 1;
				LastSwiftUpdateCheck = 1400;
				LastUpgradeCheck = 1400;
				TargetAttributes = {
					3FC37D5028F4AFFE001CF0B7 = {
						CreatedOnToolsVersion = 14.0;
					};
				};
			};
			buildConfigurationList = 3FC37D4C28F4AFFE001CF0B7 /* Build configuration list for PBXProject "FreeScaler" */;
			compatibilityVersion = "Xcode 14.0";
			developmentRegion = en;
			hasScannedForEncodings = 0;
			knownRegions = (
				en,
				Base,
			);
			mainGroup = 3FC37D4828F4AFFE001CF0B7;
			productRefGroup = 3FC37D5228F4AFFE001CF0B7 /* Products */;
			projectDirPath = "";
			projectRoot = "";
			targets = (
				3FC37D5028F4AFFE001CF0B7 /* FreeScaler */,
			);
		};
/* End PBXProject section */

/* Begin PBXResourcesBuildPhase section */
		3FC37D4F28F4AFFE001CF0B7 /* Resources */ = {
			isa = PBXResourcesBuildPhase;
			buildActionMask = 2147483647;
			files = (
				3FC37D6728F4B060001CF0B7 /* models in Resources */,
				3FA9884128F71A1B006A968A /* shot1.png in Resources */,
				3FA9884F28F76723006A968A /* LICENSE in Resources */,
				3FA9883E28F71577006A968A /* animeup.png in Resources */,
				3FC37D5728F4AFFF001CF0B7 /* Assets.xcassets in Resources */,
				3F2465DA28FBA329006DA86A /* FSPreviewWindowController.xib in Resources */,
				3FA9883F28F71577006A968A /* animelow.png in Resources */,
				3F2AA4D128F89F47008DB84B /* LICENSE.rtf in Resources */,
				3FA9884E28F76723006A968A /* README.md in Resources */,
				3FA9884D28F76723006A968A /* models-DF2K_JPEG in Resources */,
				3FC37D6328F4B04A001CF0B7 /* fs-realesrgan-ncnn-vulkan in Resources */,
				3FA7E28728F58D7C00DAE403 /* Freescaler.png in Resources */,
				3FA9885028F76723006A968A /* fs-realsr-ncnn-vulkan in Resources */,
				3F2465D628FB2C67006DA86A /* FSBatchViewController.xib in Resources */,
				3FC37D6528F4B057001CF0B7 /* README_macos.md in Resources */,
				3FC37D5A28F4AFFF001CF0B7 /* MainMenu.xib in Resources */,
			);
			runOnlyForDeploymentPostprocessing = 0;
		};
/* End PBXResourcesBuildPhase section */

/* Begin PBXSourcesBuildPhase section */
		3FC37D4D28F4AFFE001CF0B7 /* Sources */ = {
			isa = PBXSourcesBuildPhase;
			buildActionMask = 2147483647;
			files = (
				3FC37D6928F4B073001CF0B7 /* Upscaler.swift in Sources */,
				3FC37D6B28F4B802001CF0B7 /* Dropview.swift in Sources */,
				3F35482428F9FD8D00F284D1 /* Batch.swift in Sources */,
				3FA9884328F73419006A968A /* Preferences.swift in Sources */,
				3F81151B28FB0EA300C03DF9 /* ServiceProvider.swift in Sources */,
				3FC37D5528F4AFFE001CF0B7 /* AppDelegate.swift in Sources */,
				3F2465D528FB2C67006DA86A /* FSBatchViewController.swift in Sources */,
				3F2465D928FBA329006DA86A /* FSPreviewWindowController.swift in Sources */,
				3FC37D6D28F4C68D001CF0B7 /* Operations.swift in Sources */,
				3F3F726A28F88A06006BC03A /* Start FreeScaler.swift in Sources */,
			);
			runOnlyForDeploymentPostprocessing = 0;
		};
/* End PBXSourcesBuildPhase section */

/* Begin PBXVariantGroup section */
		3FC37D5828F4AFFF001CF0B7 /* MainMenu.xib */ = {
			isa = PBXVariantGroup;
			children = (
				3FC37D5928F4AFFF001CF0B7 /* Base */,
			);
			name = MainMenu.xib;
			sourceTree = "<group>";
		};
/* End PBXVariantGroup section */

/* Begin XCBuildConfiguration section */
		3FC37D5C28F4AFFF001CF0B7 /* Debug */ = {
			isa = XCBuildConfiguration;
			buildSettings = {
				ALWAYS_SEARCH_USER_PATHS = NO;
				CLANG_ANALYZER_NONNULL = YES;
				CLANG_ANALYZER_NUMBER_OBJECT_CONVERSION = YES_AGGRESSIVE;
				CLANG_CXX_LANGUAGE_STANDARD = "gnu++20";
				CLANG_ENABLE_MODULES = YES;
				CLANG_ENABLE_OBJC_ARC = YES;
				CLANG_ENABLE_OBJC_WEAK = YES;
				CLANG_WARN_BLOCK_CAPTURE_AUTORELEASING = YES;
				CLANG_WARN_BOOL_CONVERSION = YES;
				CLANG_WARN_COMMA = YES;
				CLANG_WARN_CONSTANT_CONVERSION = YES;
				CLANG_WARN_DEPRECATED_OBJC_IMPLEMENTATIONS = YES;
				CLANG_WARN_DIRECT_OBJC_ISA_USAGE = YES_ERROR;
				CLANG_WARN_DOCUMENTATION_COMMENTS = YES;
				CLANG_WARN_EMPTY_BODY = YES;
				CLANG_WARN_ENUM_CONVERSION = YES;
				CLANG_WARN_INFINITE_RECURSION = YES;
				CLANG_WARN_INT_CONVERSION = YES;
				CLANG_WARN_NON_LITERAL_NULL_CONVERSION = YES;
				CLANG_WARN_OBJC_IMPLICIT_RETAIN_SELF = YES;
				CLANG_WARN_OBJC_LITERAL_CONVERSION = YES;
				CLANG_WARN_OBJC_ROOT_CLASS = YES_ERROR;
				CLANG_WARN_QUOTED_INCLUDE_IN_FRAMEWORK_HEADER = YES;
				CLANG_WARN_RANGE_LOOP_ANALYSIS = YES;
				CLANG_WARN_STRICT_PROTOTYPES = YES;
				CLANG_WARN_SUSPICIOUS_MOVE = YES;
				CLANG_WARN_UNGUARDED_AVAILABILITY = YES_AGGRESSIVE;
				CLANG_WARN_UNREACHABLE_CODE = YES;
				CLANG_WARN__DUPLICATE_METHOD_MATCH = YES;
				COPY_PHASE_STRIP = NO;
				DEBUG_INFORMATION_FORMAT = dwarf;
				ENABLE_STRICT_OBJC_MSGSEND = YES;
				ENABLE_TESTABILITY = YES;
				GCC_C_LANGUAGE_STANDARD = gnu11;
				GCC_DYNAMIC_NO_PIC = NO;
				GCC_NO_COMMON_BLOCKS = YES;
				GCC_OPTIMIZATION_LEVEL = 0;
				GCC_PREPROCESSOR_DEFINITIONS = (
					"DEBUG=1",
					"$(inherited)",
				);
				GCC_WARN_64_TO_32_BIT_CONVERSION = YES;
				GCC_WARN_ABOUT_RETURN_TYPE = YES_ERROR;
				GCC_WARN_UNDECLARED_SELECTOR = YES;
				GCC_WARN_UNINITIALIZED_AUTOS = YES_AGGRESSIVE;
				GCC_WARN_UNUSED_FUNCTION = YES;
				GCC_WARN_UNUSED_VARIABLE = YES;
				MACOSX_DEPLOYMENT_TARGET = 12.3;
				MTL_ENABLE_DEBUG_INFO = INCLUDE_SOURCE;
				MTL_FAST_MATH = YES;
				ONLY_ACTIVE_ARCH = YES;
				SDKROOT = macosx;
				SWIFT_ACTIVE_COMPILATION_CONDITIONS = DEBUG;
				SWIFT_OPTIMIZATION_LEVEL = "-Onone";
			};
			name = Debug;
		};
		3FC37D5D28F4AFFF001CF0B7 /* Release */ = {
			isa = XCBuildConfiguration;
			buildSettings = {
				ALWAYS_SEARCH_USER_PATHS = NO;
				CLANG_ANALYZER_NONNULL = YES;
				CLANG_ANALYZER_NUMBER_OBJECT_CONVERSION = YES_AGGRESSIVE;
				CLANG_CXX_LANGUAGE_STANDARD = "gnu++20";
				CLANG_ENABLE_MODULES = YES;
				CLANG_ENABLE_OBJC_ARC = YES;
				CLANG_ENABLE_OBJC_WEAK = YES;
				CLANG_WARN_BLOCK_CAPTURE_AUTORELEASING = YES;
				CLANG_WARN_BOOL_CONVERSION = YES;
				CLANG_WARN_COMMA = YES;
				CLANG_WARN_CONSTANT_CONVERSION = YES;
				CLANG_WARN_DEPRECATED_OBJC_IMPLEMENTATIONS = YES;
				CLANG_WARN_DIRECT_OBJC_ISA_USAGE = YES_ERROR;
				CLANG_WARN_DOCUMENTATION_COMMENTS = YES;
				CLANG_WARN_EMPTY_BODY = YES;
				CLANG_WARN_ENUM_CONVERSION = YES;
				CLANG_WARN_INFINITE_RECURSION = YES;
				CLANG_WARN_INT_CONVERSION = YES;
				CLANG_WARN_NON_LITERAL_NULL_CONVERSION = YES;
				CLANG_WARN_OBJC_IMPLICIT_RETAIN_SELF = YES;
				CLANG_WARN_OBJC_LITERAL_CONVERSION = YES;
				CLANG_WARN_OBJC_ROOT_CLASS = YES_ERROR;
				CLANG_WARN_QUOTED_INCLUDE_IN_FRAMEWORK_HEADER = YES;
				CLANG_WARN_RANGE_LOOP_ANALYSIS = YES;
				CLANG_WARN_STRICT_PROTOTYPES = YES;
				CLANG_WARN_SUSPICIOUS_MOVE = YES;
				CLANG_WARN_UNGUARDED_AVAILABILITY = YES_AGGRESSIVE;
				CLANG_WARN_UNREACHABLE_CODE = YES;
				CLANG_WARN__DUPLICATE_METHOD_MATCH = YES;
				COPY_PHASE_STRIP = NO;
				DEBUG_INFORMATION_FORMAT = "dwarf-with-dsym";
				ENABLE_NS_ASSERTIONS = NO;
				ENABLE_STRICT_OBJC_MSGSEND = YES;
				GCC_C_LANGUAGE_STANDARD = gnu11;
				GCC_NO_COMMON_BLOCKS = YES;
				GCC_WARN_64_TO_32_BIT_CONVERSION = YES;
				GCC_WARN_ABOUT_RETURN_TYPE = YES_ERROR;
				GCC_WARN_UNDECLARED_SELECTOR = YES;
				GCC_WARN_UNINITIALIZED_AUTOS = YES_AGGRESSIVE;
				GCC_WARN_UNUSED_FUNCTION = YES;
				GCC_WARN_UNUSED_VARIABLE = YES;
				MACOSX_DEPLOYMENT_TARGET = 12.3;
				MTL_ENABLE_DEBUG_INFO = NO;
				MTL_FAST_MATH = YES;
				SDKROOT = macosx;
				SWIFT_COMPILATION_MODE = wholemodule;
				SWIFT_OPTIMIZATION_LEVEL = "-O";
			};
			name = Release;
		};
		3FC37D5F28F4AFFF001CF0B7 /* Debug */ = {
			isa = XCBuildConfiguration;
			buildSettings = {
				ASSETCATALOG_COMPILER_APPICON_NAME = AppIcon;
				ASSETCATALOG_COMPILER_GLOBAL_ACCENT_COLOR_NAME = AccentColor;
				CODE_SIGN_ENTITLEMENTS = FreeScaler/FreeScaler.entitlements;
				CODE_SIGN_STYLE = Automatic;
				COMBINE_HIDPI_IMAGES = YES;
				CURRENT_PROJECT_VERSION = 41;
				DEVELOPMENT_TEAM = RNLG254GCK;
				ENABLE_HARDENED_RUNTIME = YES;
				GENERATE_INFOPLIST_FILE = YES;
				INFOPLIST_FILE = FreeScaler/Info.plist;
				INFOPLIST_KEY_LSApplicationCategoryType = "public.app-category.graphics-design";
				INFOPLIST_KEY_NSHumanReadableCopyright = "";
				INFOPLIST_KEY_NSMainNibFile = MainMenu;
				INFOPLIST_KEY_NSPrincipalClass = NSApplication;
				LD_RUNPATH_SEARCH_PATHS = (
					"$(inherited)",
					"@executable_path/../Frameworks",
				);
				MACOSX_DEPLOYMENT_TARGET = 11.3;
				MARKETING_VERSION = 1.0.1;
				PRODUCT_BUNDLE_IDENTIFIER = it.murus.FreeScaler;
				PRODUCT_NAME = "$(TARGET_NAME)";
				SWIFT_EMIT_LOC_STRINGS = YES;
				SWIFT_VERSION = 5.0;
			};
			name = Debug;
		};
		3FC37D6028F4AFFF001CF0B7 /* Release */ = {
			isa = XCBuildConfiguration;
			buildSettings = {
				ASSETCATALOG_COMPILER_APPICON_NAME = AppIcon;
				ASSETCATALOG_COMPILER_GLOBAL_ACCENT_COLOR_NAME = AccentColor;
				CODE_SIGN_ENTITLEMENTS = FreeScaler/FreeScaler.entitlements;
				"CODE_SIGN_IDENTITY[sdk=macosx*]" = "3rd Party Mac Developer Application";
				CODE_SIGN_STYLE = Manual;
				COMBINE_HIDPI_IMAGES = YES;
				CURRENT_PROJECT_VERSION = 41;
				DEVELOPMENT_TEAM = "";
				"DEVELOPMENT_TEAM[sdk=macosx*]" = RNLG254GCK;
				ENABLE_HARDENED_RUNTIME = YES;
				GENERATE_INFOPLIST_FILE = YES;
				INFOPLIST_FILE = FreeScaler/Info.plist;
				INFOPLIST_KEY_LSApplicationCategoryType = "public.app-category.graphics-design";
				INFOPLIST_KEY_NSHumanReadableCopyright = "";
				INFOPLIST_KEY_NSMainNibFile = MainMenu;
				INFOPLIST_KEY_NSPrincipalClass = NSApplication;
				LD_RUNPATH_SEARCH_PATHS = (
					"$(inherited)",
					"@executable_path/../Frameworks",
				);
				MACOSX_DEPLOYMENT_TARGET = 11.3;
				MARKETING_VERSION = 1.0.1;
				PRODUCT_BUNDLE_IDENTIFIER = it.murus.FreeScaler;
				PRODUCT_NAME = "$(TARGET_NAME)";
				PROVISIONING_PROFILE_SPECIFIER = "";
				"PROVISIONING_PROFILE_SPECIFIER[sdk=macosx*]" = "FreeScaler Mac App Store";
				SWIFT_EMIT_LOC_STRINGS = YES;
				SWIFT_VERSION = 5.0;
			};
			name = Release;
		};
/* End XCBuildConfiguration section */

/* Begin XCConfigurationList section */
		3FC37D4C28F4AFFE001CF0B7 /* Build configuration list for PBXProject "FreeScaler" */ = {
			isa = XCConfigurationList;
			buildConfigurations = (
				3FC37D5C28F4AFFF001CF0B7 /* Debug */,
				3FC37D5D28F4AFFF001CF0B7 /* Release */,
			);
			defaultConfigurationIsVisible = 0;
			defaultConfigurationName = Release;
		};
		3FC37D5E28F4AFFF001CF0B7 /* Build configuration list for PBXNativeTarget "FreeScaler" */ = {
			isa = XCConfigurationList;
			buildConfigurations = (
				3FC37D5F28F4AFFF001CF0B7 /* Debug */,
				3FC37D6028F4AFFF001CF0B7 /* Release */,
			);
			defaultConfigurationIsVisible = 0;
			defaultConfigurationName = Release;
		};
/* End XCConfigurationList section */
	};
	rootObject = 3FC37D4928F4AFFE001CF0B7 /* Project object */;
}
